
Microsoft Visual Studio Solution File, Format Version 12.00
# Visual Studio Version 17
VisualStudioVersion = 17.1.32210.238
MinimumVisualStudioVersion = 10.0.40219.1
Project("{9A19103F-16F7-4668-BE54-9A1E7A4F7556}") = "GeneralToolkitLib", "GeneralToolkitLib\GeneralToolkitLib.csproj", "{18B7C1DC-CB9B-4B4F-B3BB-40E79B277DD9}"
EndProject
Project("{9A19103F-16F7-4668-BE54-9A1E7A4F7556}") = "UnitTests", "UnitTests\UnitTests.csproj", "{9CB8ACDB-937F-4328-B2AA-162B3A2132A1}"
EndProject
Project("{9A19103F-16F7-4668-BE54-9A1E7A4F7556}") = "GUITestProject", "GUITestProject\GUITestProject.csproj", "{58FF61AB-C9FB-46CE-8906-13CDAE1A8E64}"
EndProject
Global
	GlobalSection(SolutionConfigurationPlatforms) = preSolution
		Debug|Any CPU = Debug|Any CPU
		Debug|x64 = Debug|x64
		Release|Any CPU = Release|Any CPU
		Release|x64 = Release|x64
	EndGlobalSection
	GlobalSection(ProjectConfigurationPlatforms) = postSolution
		{18B7C1DC-CB9B-4B4F-B3BB-40E79B277DD9}.Debug|Any CPU.ActiveCfg = Debug|Any CPU
		{18B7C1DC-CB9B-4B4F-B3BB-40E79B277DD9}.Debug|Any CPU.Build.0 = Debug|Any CPU
		{18B7C1DC-CB9B-4B4F-B3BB-40E79B277DD9}.Debug|x64.ActiveCfg = Debug|Any CPU
		{18B7C1DC-CB9B-4B4F-B3BB-40E79B277DD9}.Debug|x64.Build.0 = Debug|Any CPU
		{18B7C1DC-CB9B-4B4F-B3BB-40E79B277DD9}.Release|Any CPU.ActiveCfg = Release|Any CPU
		{18B7C1DC-CB9B-4B4F-B3BB-40E79B277DD9}.Release|Any CPU.Build.0 = Release|Any CPU
		{18B7C1DC-CB9B-4B4F-B3BB-40E79B277DD9}.Release|Any CPU.Deploy.0 = Release|Any CPU
		{18B7C1DC-CB9B-4B4F-B3BB-40E79B277DD9}.Release|x64.ActiveCfg = Release|x64
		{18B7C1DC-CB9B-4B4F-B3BB-40E79B277DD9}.Release|x64.Build.0 = Release|x64
		{18B7C1DC-CB9B-4B4F-B3BB-40E79B277DD9}.Release|x64.Deploy.0 = Release|x64
		{9CB8ACDB-937F-4328-B2AA-162B3A2132A1}.Debug|Any CPU.ActiveCfg = Debug|Any CPU
		{9CB8ACDB-937F-4328-B2AA-162B3A2132A1}.Debug|Any CPU.Build.0 = Debug|Any CPU
		{9CB8ACDB-937F-4328-B2AA-162B3A2132A1}.Debug|x64.ActiveCfg = Debug|Any CPU
		{9CB8ACDB-937F-4328-B2AA-162B3A2132A1}.Debug|x64.Build.0 = Debug|Any CPU
		{9CB8ACDB-937F-4328-B2AA-162B3A2132A1}.Release|Any CPU.ActiveCfg = Release|Any CPU
		{9CB8ACDB-937F-4328-B2AA-162B3A2132A1}.Release|Any CPU.Build.0 = Release|Any CPU
		{9CB8ACDB-937F-4328-B2AA-162B3A2132A1}.Release|x64.ActiveCfg = Release|x64
		{9CB8ACDB-937F-4328-B2AA-162B3A2132A1}.Release|x64.Build.0 = Release|x64
		{58FF61AB-C9FB-46CE-8906-13CDAE1A8E64}.Debug|Any CPU.ActiveCfg = Debug|Any CPU
		{58FF61AB-C9FB-46CE-8906-13CDAE1A8E64}.Debug|Any CPU.Build.0 = Debug|Any CPU
		{58FF61AB-C9FB-46CE-8906-13CDAE1A8E64}.Debug|x64.ActiveCfg = Debug|Any CPU
		{58FF61AB-C9FB-46CE-8906-13CDAE1A8E64}.Debug|x64.Build.0 = Debug|Any CPU
		{58FF61AB-C9FB-46CE-8906-13CDAE1A8E64}.Release|Any CPU.ActiveCfg = Release|Any CPU
		{58FF61AB-C9FB-46CE-8906-13CDAE1A8E64}.Release|Any CPU.Build.0 = Release|Any CPU
		{58FF61AB-C9FB-46CE-8906-13CDAE1A8E64}.Release|x64.ActiveCfg = Release|x64
		{58FF61AB-C9FB-46CE-8906-13CDAE1A8E64}.Release|x64.Build.0 = Release|x64
	EndGlobalSection
	GlobalSection(SolutionProperties) = preSolution
		HideSolutionNode = FALSE
	EndGlobalSection
	GlobalSection(ExtensibilityGlobals) = postSolution
		SolutionGuid = {2E02552D-7D74-4851-A798-CF7BF06D4757}
	EndGlobalSection
EndGlobal
